
Microsoft Visual Studio Solution File, Format Version 12.00
# Visual Studio Version 16
VisualStudioVersion = 16.0.31025.194
MinimumVisualStudioVersion = 10.0.40219.1
Project("{FAE04EC0-301F-11D3-BF4B-00C04F79EFBC}") = "FlappyBird", "FlappyBird.csproj", "{09475CDF-BB28-48EC-B156-279FDA6501DF}"
EndProject
Global
	GlobalSection(SolutionConfigurationPlatforms) = preSolution
		Debug|Any CPU = Debug|Any CPU
		Release|Any CPU = Release|Any CPU
	EndGlobalSection
	GlobalSection(ProjectConfigurationPlatforms) = postSolution
		{09475CDF-BB28-48EC-B156-279FDA6501DF}.Debug|Any CPU.ActiveCfg = Debug|Any CPU
		{09475CDF-BB28-48EC-B156-279FDA6501DF}.Debug|Any CPU.Build.0 = Debug|Any CPU
		{09475CDF-BB28-48EC-B156-279FDA6501DF}.Release|Any CPU.ActiveCfg = Release|Any CPU
		{09475CDF-BB28-48EC-B156-279FDA6501DF}.Release|Any CPU.Build.0 = Release|Any CPU
	EndGlobalSection
	GlobalSection(SolutionProperties) = preSolution
		HideSolutionNode = FALSE
	EndGlobalSection
	GlobalSection(ExtensibilityGlobals) = postSolution
		SolutionGuid = {237BA771-3B78-4958-AA46-CBC1B4BF9045}
	EndGlobalSection
EndGlobal
